
Microsoft Visual Studio Solution File, Format Version 12.00
# Visual Studio Version 17
VisualStudioVersion = 17.10.35027.167
MinimumVisualStudioVersion = 10.0.40219.1
Project("{9A19103F-16F7-4668-BE54-9A1E7A4F7556}") = "Catalog.API", "Services\Catalog\Catalog.API\Catalog.API.csproj", "{75EADE18-E520-444C-918B-C8F6E7F2A7DC}"
EndProject
Project("{2150E333-8FDC-42A3-9474-1A3956D46DE8}") = "Services", "Services", "{A560AA50-ECCB-4AC7-B7D8-665B5F6D7D9F}"
EndProject
Project("{2150E333-8FDC-42A3-9474-1A3956D46DE8}") = "Catalog", "Catalog", "{61AE03BF-0A37-4CDF-A82D-FB87BC46E865}"
EndProject
Project("{2150E333-8FDC-42A3-9474-1A3956D46DE8}") = "BuildingBlocks", "BuildingBlocks", "{6CA71680-CDD3-4539-BBA7-BE0EC33393D5}"
EndProject
Project("{9A19103F-16F7-4668-BE54-9A1E7A4F7556}") = "BuildingBlocks", "BuildingBlocks\BuildingBlocks\BuildingBlocks.csproj", "{21E9DC73-21AF-4AF6-9E25-18D58BA73D24}"
EndProject
Project("{E53339B2-1760-4266-BCC7-CA923CBCF16C}") = "docker-compose", "docker-compose.dcproj", "{573B5A9F-E0FD-4E79-B241-A1757572C113}"
EndProject
Global
	GlobalSection(SolutionConfigurationPlatforms) = preSolution
		Debug|Any CPU = Debug|Any CPU
		Release|Any CPU = Release|Any CPU
	EndGlobalSection
	GlobalSection(ProjectConfigurationPlatforms) = postSolution
		{75EADE18-E520-444C-918B-C8F6E7F2A7DC}.Debug|Any CPU.ActiveCfg = Debug|Any CPU
		{75EADE18-E520-444C-918B-C8F6E7F2A7DC}.Debug|Any CPU.Build.0 = Debug|Any CPU
		{75EADE18-E520-444C-918B-C8F6E7F2A7DC}.Release|Any CPU.ActiveCfg = Release|Any CPU
		{75EADE18-E520-444C-918B-C8F6E7F2A7DC}.Release|Any CPU.Build.0 = Release|Any CPU
		{21E9DC73-21AF-4AF6-9E25-18D58BA73D24}.Debug|Any CPU.ActiveCfg = Debug|Any CPU
		{21E9DC73-21AF-4AF6-9E25-18D58BA73D24}.Debug|Any CPU.Build.0 = Debug|Any CPU
		{21E9DC73-21AF-4AF6-9E25-18D58BA73D24}.Release|Any CPU.ActiveCfg = Release|Any CPU
		{21E9DC73-21AF-4AF6-9E25-18D58BA73D24}.Release|Any CPU.Build.0 = Release|Any CPU
		{573B5A9F-E0FD-4E79-B241-A1757572C113}.Debug|Any CPU.ActiveCfg = Debug|Any CPU
		{573B5A9F-E0FD-4E79-B241-A1757572C113}.Debug|Any CPU.Build.0 = Debug|Any CPU
		{573B5A9F-E0FD-4E79-B241-A1757572C113}.Release|Any CPU.ActiveCfg = Release|Any CPU
		{573B5A9F-E0FD-4E79-B241-A1757572C113}.Release|Any CPU.Build.0 = Release|Any CPU
	EndGlobalSection
	GlobalSection(SolutionProperties) = preSolution
		HideSolutionNode = FALSE
	EndGlobalSection
	GlobalSection(NestedProjects) = preSolution
		{75EADE18-E520-444C-918B-C8F6E7F2A7DC} = {61AE03BF-0A37-4CDF-A82D-FB87BC46E865}
		{61AE03BF-0A37-4CDF-A82D-FB87BC46E865} = {A560AA50-ECCB-4AC7-B7D8-665B5F6D7D9F}
		{21E9DC73-21AF-4AF6-9E25-18D58BA73D24} = {6CA71680-CDD3-4539-BBA7-BE0EC33393D5}
	EndGlobalSection
	GlobalSection(ExtensibilityGlobals) = postSolution
		SolutionGuid = {A39C8037-EFDF-413E-B595-877B4132F3CB}
	EndGlobalSection
EndGlobal
